
Microsoft Visual Studio Solution File, Format Version 12.00
Project("{FAE04EC0-301F-11D3-BF4B-00C04F79EFBC}") = "Professions", "Professions\Professions.csproj", "{6A561CBA-69AC-46B3-9095-15E99C3121EC}"
EndProject
Global
	GlobalSection(SolutionConfigurationPlatforms) = preSolution
		Debug|Any CPU = Debug|Any CPU
		Release|Any CPU = Release|Any CPU
	EndGlobalSection
	GlobalSection(ProjectConfigurationPlatforms) = postSolution
		{6A561CBA-69AC-46B3-9095-15E99C3121EC}.Debug|Any CPU.ActiveCfg = Debug|Any CPU
		{6A561CBA-69AC-46B3-9095-15E99C3121EC}.Debug|Any CPU.Build.0 = Debug|Any CPU
		{6A561CBA-69AC-46B3-9095-15E99C3121EC}.Release|Any CPU.ActiveCfg = Release|Any CPU
		{6A561CBA-69AC-46B3-9095-15E99C3121EC}.Release|Any CPU.Build.0 = Release|Any CPU
	EndGlobalSection
EndGlobal
